
Microsoft Visual Studio Solution File, Format Version 12.00
# Visual Studio Version 16
VisualStudioVersion = 16.0.30804.86
MinimumVisualStudioVersion = 10.0.40219.1
Project("{FAE04EC0-301F-11D3-BF4B-00C04F79EFBC}") = "General.Repository", "General.Repository\General.Repository.csproj", "{AC08DDC4-90AE-4BBB-8AB3-AF0E450321DF}"
EndProject
Project("{2150E333-8FDC-42A3-9474-1A3956D46DE8}") = "Solution Items", "Solution Items", "{88F503A8-C5E5-4988-BAD9-FFAF984C9B7F}"
	ProjectSection(SolutionItems) = preProject
		.gitignor = .gitignor
	EndProjectSection
EndProject
Project("{FAE04EC0-301F-11D3-BF4B-00C04F79EFBC}") = "Cinema.DAL", "Cinema.DAL\Cinema.DAL.csproj", "{75B3AE67-900A-4E44-A8A9-6B6E6428E1C0}"
EndProject
Global
	GlobalSection(SolutionConfigurationPlatforms) = preSolution
		Debug|Any CPU = Debug|Any CPU
		Release|Any CPU = Release|Any CPU
	EndGlobalSection
	GlobalSection(ProjectConfigurationPlatforms) = postSolution
		{AC08DDC4-90AE-4BBB-8AB3-AF0E450321DF}.Debug|Any CPU.ActiveCfg = Debug|Any CPU
		{AC08DDC4-90AE-4BBB-8AB3-AF0E450321DF}.Debug|Any CPU.Build.0 = Debug|Any CPU
		{AC08DDC4-90AE-4BBB-8AB3-AF0E450321DF}.Release|Any CPU.ActiveCfg = Release|Any CPU
		{AC08DDC4-90AE-4BBB-8AB3-AF0E450321DF}.Release|Any CPU.Build.0 = Release|Any CPU
		{75B3AE67-900A-4E44-A8A9-6B6E6428E1C0}.Debug|Any CPU.ActiveCfg = Debug|Any CPU
		{75B3AE67-900A-4E44-A8A9-6B6E6428E1C0}.Debug|Any CPU.Build.0 = Debug|Any CPU
		{75B3AE67-900A-4E44-A8A9-6B6E6428E1C0}.Release|Any CPU.ActiveCfg = Release|Any CPU
		{75B3AE67-900A-4E44-A8A9-6B6E6428E1C0}.Release|Any CPU.Build.0 = Release|Any CPU
	EndGlobalSection
	GlobalSection(SolutionProperties) = preSolution
		HideSolutionNode = FALSE
	EndGlobalSection
	GlobalSection(ExtensibilityGlobals) = postSolution
		SolutionGuid = {187BE3AC-8C02-43BD-A099-AEFA1F9945F2}
	EndGlobalSection
EndGlobal
